# THIS IS AN AUTOGENERATED FILE. DO NOT EDIT THIS FILE DIRECTLY.
# yarn lockfile v1


"@rails/actioncable@^7.0.7":
  version "7.0.7"
  resolved "https://registry.yarnpkg.com/@rails/actioncable/-/actioncable-7.0.7.tgz#03b5faa8642a80211708e8f1754cf424e9228718"
  integrity sha512-NqHf4XDkeVaNk/r+TBo2aAMkjPyRPEfZkSqCTijfWukW1zTZ2XLDfvFzbpRCuWZ6gxItgoa/FkILZm27HRh2yg==

"@types/rails__actioncable@^6.1.6":
  version "6.1.6"
  resolved "https://registry.yarnpkg.com/@types/rails__actioncable/-/rails__actioncable-6.1.6.tgz#c5427f7ba5a41e41e1237bc943c81d7f44b46167"
  integrity sha512-/whIczf4uhpac/X19vMRTHOF4reN92I6C4uOmTTtbT1xdesjrStLNQq9v+jexHehc8RENUHk4sXVzwm5PBy2fA==
